
Microsoft Visual Studio Solution File, Format Version 12.00
# Visual Studio Version 17
VisualStudioVersion = 17.6.33723.286
MinimumVisualStudioVersion = 10.0.40219.1
Project("{FAE04EC0-301F-11D3-BF4B-00C04F79EFBC}") = "DesafioEnumeracao", "DesafioEnumeracao\DesafioEnumeracao.csproj", "{C398C2A7-DF39-46A5-89E0-91BD64E051FC}"
EndProject
Global
	GlobalSection(SolutionConfigurationPlatforms) = preSolution
		Debug|Any CPU = Debug|Any CPU
		Release|Any CPU = Release|Any CPU
	EndGlobalSection
	GlobalSection(ProjectConfigurationPlatforms) = postSolution
		{C398C2A7-DF39-46A5-89E0-91BD64E051FC}.Debug|Any CPU.ActiveCfg = Debug|Any CPU
		{C398C2A7-DF39-46A5-89E0-91BD64E051FC}.Debug|Any CPU.Build.0 = Debug|Any CPU
		{C398C2A7-DF39-46A5-89E0-91BD64E051FC}.Release|Any CPU.ActiveCfg = Release|Any CPU
		{C398C2A7-DF39-46A5-89E0-91BD64E051FC}.Release|Any CPU.Build.0 = Release|Any CPU
	EndGlobalSection
	GlobalSection(SolutionProperties) = preSolution
		HideSolutionNode = FALSE
	EndGlobalSection
	GlobalSection(ExtensibilityGlobals) = postSolution
		SolutionGuid = {B8B1A402-60E5-4C08-9174-FC14B5615679}
	EndGlobalSection
EndGlobal
